
Microsoft Visual Studio Solution File, Format Version 12.00
# Visual Studio Version 16
VisualStudioVersion = 16.0.29009.5
MinimumVisualStudioVersion = 10.0.40219.1
Project("{FAE04EC0-301F-11D3-BF4B-00C04F79EFBC}") = "PegasusExportPlugin", "PegasusExportPlugin\PegasusExportPlugin.csproj", "{32D7987E-1A4E-48F6-97AF-7390AFEA7EF8}"
EndProject
Global
	GlobalSection(SolutionConfigurationPlatforms) = preSolution
		Debug|Any CPU = Debug|Any CPU
		Release|Any CPU = Release|Any CPU
	EndGlobalSection
	GlobalSection(ProjectConfigurationPlatforms) = postSolution
		{32D7987E-1A4E-48F6-97AF-7390AFEA7EF8}.Debug|Any CPU.ActiveCfg = Debug|Any CPU
		{32D7987E-1A4E-48F6-97AF-7390AFEA7EF8}.Debug|Any CPU.Build.0 = Debug|Any CPU
		{32D7987E-1A4E-48F6-97AF-7390AFEA7EF8}.Release|Any CPU.ActiveCfg = Release|Any CPU
		{32D7987E-1A4E-48F6-97AF-7390AFEA7EF8}.Release|Any CPU.Build.0 = Release|Any CPU
	EndGlobalSection
	GlobalSection(SolutionProperties) = preSolution
		HideSolutionNode = FALSE
	EndGlobalSection
	GlobalSection(ExtensibilityGlobals) = postSolution
		SolutionGuid = {82A50F84-AEC9-4046-BA1A-2C1B40D8ACF5}
	EndGlobalSection
EndGlobal
